hash: a9ad815c03b1ad6ca959cd050d07a3db2ab0f12f3ac1928e2abeb2719addc6d6
updated: 2017-05-18T10:27:34.551462126-07:00
imports:
- name: github.com/AndreasBriese/bbloom
  version: 0320de81a58b973b5187098f4815608711c70f3b
- name: github.com/bkaradzic/go-lz4
  version: 7224d8d8f27ef618c0a95f1ae69dbb0488abc33a
- name: github.com/dgraph-io/badger
  version: a6ef2cfdbb4b6200918ffdd46fdcd431fd5fbd7b
  subpackages:
  - badger
  - skl
  - table
  - "y"
- name: github.com/pkg/errors
  version: 645ef00459ed84a119197bfb8d8205042c6df63d
- name: golang.org/x/net
  version: 6acef71eb69611914f7a30939ea9f6e194c78172
  subpackages:
  - context
  - internal/timeseries
  - trace
testImports: []
