# This file is autogenerated, do not edit; changes may be undone by the next 'dep ensure'.


[[projects]]
  name = "github.com/AndreasBriese/bbloom"
  packages = ["."]
  revision = "0320de81a58b973b5187098f4815608711c70f3b"

[[projects]]
  branch = "master"
  name = "github.com/bkaradzic/go-lz4"
  packages = ["."]
  revision = "7224d8d8f27ef618c0a95f1ae69dbb0488abc33a"

[[projects]]
  name = "github.com/dgraph-io/badger"
  packages = [
    "badger",
    "skl",
    "table",
    "y"
  ]
  revision = "60253fc2838f5439ecc3c14cd03c548a44610845"

[[projects]]
  name = "github.com/pkg/errors"
  packages = ["."]
  revision = "c605e284fe17294bda444b34710735b29d1a9d90"

[[projects]]
  name = "golang.org/x/net"
  packages = [
    "context",
    "internal/timeseries",
    "trace"
  ]
  revision = "1a68b1313cf4ad7778376e82641197b60c02f65c"

[solve-meta]
  analyzer-name = "dep"
  analyzer-version = 1
  inputs-digest = "fc3156e31e8bc5d4a1334c1ca3dbbce19c3b8ea9a432a45acdc47d2247c0614d"
  solver-name = "gps-cdcl"
  solver-version = 1
